
Microsoft Visual Studio Solution File, Format Version 11.00
# Visual Studio 2010
Project("{8BC9CEB8-8B4A-11D0-8D11-00A0C91BC942}") = "VFSHook", "VFSHook\VFSHook.vcxproj", "{2DEBF545-C340-4D17-9222-830CACAA3644}"
EndProject
Project("{8BC9CEB8-8B4A-11D0-8D11-00A0C91BC942}") = "VFSHookTester", "VFSHookTester\VFSHookTester.vcxproj", "{4D049F85-4268-45E6-83F4-917690C3D41C}"
EndProject
Project("{8BC9CEB8-8B4A-11D0-8D11-00A0C91BC942}") = "VFSHookLoader", "VFSHookLoader\VFSHookLoader.vcxproj", "{30DA1326-F177-4E25-8733-0A81BF7A9B32}"
EndProject
Global
	GlobalSection(SolutionConfigurationPlatforms) = preSolution
		Debug|Win32 = Debug|Win32
		Debug|x64 = Debug|x64
		Release|Win32 = Release|Win32
		Release|x64 = Release|x64
	EndGlobalSection
	GlobalSection(ProjectConfigurationPlatforms) = postSolution
		{2DEBF545-C340-4D17-9222-830CACAA3644}.Debug|Win32.ActiveCfg = Debug|Win32
		{2DEBF545-C340-4D17-9222-830CACAA3644}.Debug|Win32.Build.0 = Debug|Win32
		{2DEBF545-C340-4D17-9222-830CACAA3644}.Debug|x64.ActiveCfg = Debug|x64
		{2DEBF545-C340-4D17-9222-830CACAA3644}.Debug|x64.Build.0 = Debug|x64
		{2DEBF545-C340-4D17-9222-830CACAA3644}.Release|Win32.ActiveCfg = Release|Win32
		{2DEBF545-C340-4D17-9222-830CACAA3644}.Release|Win32.Build.0 = Release|Win32
		{2DEBF545-C340-4D17-9222-830CACAA3644}.Release|x64.ActiveCfg = Release|x64
		{2DEBF545-C340-4D17-9222-830CACAA3644}.Release|x64.Build.0 = Release|x64
		{4D049F85-4268-45E6-83F4-917690C3D41C}.Debug|Win32.ActiveCfg = Debug|Win32
		{4D049F85-4268-45E6-83F4-917690C3D41C}.Debug|Win32.Build.0 = Debug|Win32
		{4D049F85-4268-45E6-83F4-917690C3D41C}.Debug|x64.ActiveCfg = Debug|x64
		{4D049F85-4268-45E6-83F4-917690C3D41C}.Debug|x64.Build.0 = Debug|x64
		{4D049F85-4268-45E6-83F4-917690C3D41C}.Release|Win32.ActiveCfg = Release|Win32
		{4D049F85-4268-45E6-83F4-917690C3D41C}.Release|Win32.Build.0 = Release|Win32
		{4D049F85-4268-45E6-83F4-917690C3D41C}.Release|x64.ActiveCfg = Release|x64
		{4D049F85-4268-45E6-83F4-917690C3D41C}.Release|x64.Build.0 = Release|x64
		{30DA1326-F177-4E25-8733-0A81BF7A9B32}.Debug|Win32.ActiveCfg = Debug|Win32
		{30DA1326-F177-4E25-8733-0A81BF7A9B32}.Debug|Win32.Build.0 = Debug|Win32
		{30DA1326-F177-4E25-8733-0A81BF7A9B32}.Debug|x64.ActiveCfg = Debug|x64
		{30DA1326-F177-4E25-8733-0A81BF7A9B32}.Debug|x64.Build.0 = Debug|x64
		{30DA1326-F177-4E25-8733-0A81BF7A9B32}.Release|Win32.ActiveCfg = Debug|x64
		{30DA1326-F177-4E25-8733-0A81BF7A9B32}.Release|Win32.Build.0 = Debug|x64
		{30DA1326-F177-4E25-8733-0A81BF7A9B32}.Release|x64.ActiveCfg = Release|x64
		{30DA1326-F177-4E25-8733-0A81BF7A9B32}.Release|x64.Build.0 = Release|x64
	EndGlobalSection
	GlobalSection(SolutionProperties) = preSolution
		HideSolutionNode = FALSE
	EndGlobalSection
EndGlobal
